// !$*UTF8*$!
{
	archiveVersion = 1;
	classes = {
	};
	objectVersion = 56;
	objects = {

/* Begin PBXBuildFile section */
		1C4B41B62C14DBEF001228E6 /* CoreMLProfilerApp.swift in Sources */ = {isa = PBXBuildFile; fileRef = 1C4B41B52C14DBEF001228E6 /* CoreMLProfilerApp.swift */; };
		1C4B41B82C14DBEF001228E6 /* ContentView.swift in Sources */ = {isa = PBXBuildFile; fileRef = 1C4B41B72C14DBEF001228E6 /* ContentView.swift */; };
		1C4B41BA2C14DBF1001228E6 /* Assets.xcassets in Resources */ = {isa = PBXBuildFile; fileRef = 1C4B41B92C14DBF1001228E6 /* Assets.xcassets */; };
		1C4B41BD2C14DBF1001228E6 /* Preview Assets.xcassets in Resources */ = {isa = PBXBuildFile; fileRef = 1C4B41BC2C14DBF1001228E6 /* Preview Assets.xcassets */; };
		1C4B41C52C14DC22001228E6 /* CoreMLProcessor.swift in Sources */ = {isa = PBXBuildFile; fileRef = 1C4B41C42C14DC22001228E6 /* CoreMLProcessor.swift */; };
		1C4B41C72C14DD3B001228E6 /* OperatorData.swift in Sources */ = {isa = PBXBuildFile; fileRef = 1C4B41C62C14DD3B001228E6 /* OperatorData.swift */; };
		1C4B41C92C14DD77001228E6 /* ProgressBar.swift in Sources */ = {isa = PBXBuildFile; fileRef = 1C4B41C82C14DD77001228E6 /* ProgressBar.swift */; };
		1C4B41CB2C14DE24001228E6 /* ComputeUnitMappingView.swift in Sources */ = {isa = PBXBuildFile; fileRef = 1C4B41CA2C14DE24001228E6 /* ComputeUnitMappingView.swift */; };
		1C4B41D22C153292001228E6 /* ActivityIndicator.swift in Sources */ = {isa = PBXBuildFile; fileRef = 1C4B41D12C153292001228E6 /* ActivityIndicator.swift */; };
/* End PBXBuildFile section */

/* Begin PBXFileReference section */
		1C4B41B22C14DBEF001228E6 /* CoreMLProfiler.app */ = {isa = PBXFileReference; explicitFileType = wrapper.application; includeInIndex = 0; path = CoreMLProfiler.app; sourceTree = BUILT_PRODUCTS_DIR; };
		1C4B41B52C14DBEF001228E6 /* CoreMLProfilerApp.swift */ = {isa = PBXFileReference; lastKnownFileType = sourcecode.swift; path = CoreMLProfilerApp.swift; sourceTree = "<group>"; };
		1C4B41B72C14DBEF001228E6 /* ContentView.swift */ = {isa = PBXFileReference; lastKnownFileType = sourcecode.swift; path = ContentView.swift; sourceTree = "<group>"; };
		1C4B41B92C14DBF1001228E6 /* Assets.xcassets */ = {isa = PBXFileReference; lastKnownFileType = folder.assetcatalog; path = Assets.xcassets; sourceTree = "<group>"; };
		1C4B41BC2C14DBF1001228E6 /* Preview Assets.xcassets */ = {isa = PBXFileReference; lastKnownFileType = folder.assetcatalog; path = "Preview Assets.xcassets"; sourceTree = "<group>"; };
		1C4B41BE2C14DBF1001228E6 /* CoreMLProfiler.entitlements */ = {isa = PBXFileReference; lastKnownFileType = text.plist.entitlements; path = CoreMLProfiler.entitlements; sourceTree = "<group>"; };
		1C4B41C42C14DC22001228E6 /* CoreMLProcessor.swift */ = {isa = PBXFileReference; lastKnownFileType = sourcecode.swift; path = CoreMLProcessor.swift; sourceTree = "<group>"; };
		1C4B41C62C14DD3B001228E6 /* OperatorData.swift */ = {isa = PBXFileReference; lastKnownFileType = sourcecode.swift; path = OperatorData.swift; sourceTree = "<group>"; };
		1C4B41C82C14DD77001228E6 /* ProgressBar.swift */ = {isa = PBXFileReference; lastKnownFileType = sourcecode.swift; path = ProgressBar.swift; sourceTree = "<group>"; };
		1C4B41CA2C14DE24001228E6 /* ComputeUnitMappingView.swift */ = {isa = PBXFileReference; lastKnownFileType = sourcecode.swift; path = ComputeUnitMappingView.swift; sourceTree = "<group>"; };
		1C4B41CC2C14E134001228E6 /* Info.plist */ = {isa = PBXFileReference; lastKnownFileType = text.plist; path = Info.plist; sourceTree = "<group>"; };
		1C4B41D12C153292001228E6 /* ActivityIndicator.swift */ = {isa = PBXFileReference; lastKnownFileType = sourcecode.swift; path = ActivityIndicator.swift; sourceTree = "<group>"; };
/* End PBXFileReference section */

/* Begin PBXFrameworksBuildPhase section */
		1C4B41AF2C14DBEF001228E6 /* Frameworks */ = {
			isa = PBXFrameworksBuildPhase;
			buildActionMask = 2147483647;
			files = (
			);
			runOnlyForDeploymentPostprocessing = 0;
		};
/* End PBXFrameworksBuildPhase section */

/* Begin PBXGroup section */
		1C4B41A92C14DBEF001228E6 = {
			isa = PBXGroup;
			children = (
				1C4B41B42C14DBEF001228E6 /* CoreMLProfiler */,
				1C4B41B32C14DBEF001228E6 /* Products */,
			);
			sourceTree = "<group>";
		};
		1C4B41B32C14DBEF001228E6 /* Products */ = {
			isa = PBXGroup;
			children = (
				1C4B41B22C14DBEF001228E6 /* CoreMLProfiler.app */,
			);
			name = Products;
			sourceTree = "<group>";
		};
		1C4B41B42C14DBEF001228E6 /* CoreMLProfiler */ = {
			isa = PBXGroup;
			children = (
				1C4B41CC2C14E134001228E6 /* Info.plist */,
				1C4B41B52C14DBEF001228E6 /* CoreMLProfilerApp.swift */,
				1C4B41B72C14DBEF001228E6 /* ContentView.swift */,
				1C4B41D32C1532B9001228E6 /* Views */,
				1C4B41C42C14DC22001228E6 /* CoreMLProcessor.swift */,
				1C4B41B92C14DBF1001228E6 /* Assets.xcassets */,
				1C4B41BE2C14DBF1001228E6 /* CoreMLProfiler.entitlements */,
				1C4B41C62C14DD3B001228E6 /* OperatorData.swift */,
				1C4B41BB2C14DBF1001228E6 /* Preview Content */,
			);
			path = CoreMLProfiler;
			sourceTree = "<group>";
		};
		1C4B41BB2C14DBF1001228E6 /* Preview Content */ = {
			isa = PBXGroup;
			children = (
				1C4B41BC2C14DBF1001228E6 /* Preview Assets.xcassets */,
			);
			path = "Preview Content";
			sourceTree = "<group>";
		};
		1C4B41D32C1532B9001228E6 /* Views */ = {
			isa = PBXGroup;
			children = (
				1C4B41CA2C14DE24001228E6 /* ComputeUnitMappingView.swift */,
				1C4B41D12C153292001228E6 /* ActivityIndicator.swift */,
				1C4B41C82C14DD77001228E6 /* ProgressBar.swift */,
			);
			path = Views;
			sourceTree = "<group>";
		};
/* End PBXGroup section */

/* Begin PBXNativeTarget section */
		1C4B41B12C14DBEF001228E6 /* CoreMLProfiler */ = {
			isa = PBXNativeTarget;
			buildConfigurationList = 1C4B41C12C14DBF1001228E6 /* Build configuration list for PBXNativeTarget "CoreMLProfiler" */;
			buildPhases = (
				1C4B41AE2C14DBEF001228E6 /* Sources */,
				1C4B41AF2C14DBEF001228E6 /* Frameworks */,
				1C4B41B02C14DBEF001228E6 /* Resources */,
			);
			buildRules = (
			);
			dependencies = (
			);
			name = CoreMLProfiler;
			productName = CoreMLProfiler;
			productReference = 1C4B41B22C14DBEF001228E6 /* CoreMLProfiler.app */;
			productType = "com.apple.product-type.application";
		};
/* End PBXNativeTarget section */

/* Begin PBXProject section */
		1C4B41AA2C14DBEF001228E6 /* Project object */ = {
			isa = PBXProject;
			attributes = {
				BuildIndependentTargetsInParallel = 1;
				LastSwiftUpdateCheck = 1540;
				LastUpgradeCheck = 1540;
				TargetAttributes = {
					1C4B41B12C14DBEF001228E6 = {
						CreatedOnToolsVersion = 15.4;
					};
				};
			};
			buildConfigurationList = 1C4B41AD2C14DBEF001228E6 /* Build configuration list for PBXProject "CoreMLProfiler" */;
			compatibilityVersion = "Xcode 14.0";
			developmentRegion = en;
			hasScannedForEncodings = 0;
			knownRegions = (
				en,
				Base,
			);
			mainGroup = 1C4B41A92C14DBEF001228E6;
			productRefGroup = 1C4B41B32C14DBEF001228E6 /* Products */;
			projectDirPath = "";
			projectRoot = "";
			targets = (
				1C4B41B12C14DBEF001228E6 /* CoreMLProfiler */,
			);
		};
/* End PBXProject section */

/* Begin PBXResourcesBuildPhase section */
		1C4B41B02C14DBEF001228E6 /* Resources */ = {
			isa = PBXResourcesBuildPhase;
			buildActionMask = 2147483647;
			files = (
				1C4B41BD2C14DBF1001228E6 /* Preview Assets.xcassets in Resources */,
				1C4B41BA2C14DBF1001228E6 /* Assets.xcassets in Resources */,
			);
			runOnlyForDeploymentPostprocessing = 0;
		};
/* End PBXResourcesBuildPhase section */

/* Begin PBXSourcesBuildPhase section */
		1C4B41AE2C14DBEF001228E6 /* Sources */ = {
			isa = PBXSourcesBuildPhase;
			buildActionMask = 2147483647;
			files = (
				1C4B41B82C14DBEF001228E6 /* ContentView.swift in Sources */,
				1C4B41CB2C14DE24001228E6 /* ComputeUnitMappingView.swift in Sources */,
				1C4B41B62C14DBEF001228E6 /* CoreMLProfilerApp.swift in Sources */,
				1C4B41D22C153292001228E6 /* ActivityIndicator.swift in Sources */,
				1C4B41C52C14DC22001228E6 /* CoreMLProcessor.swift in Sources */,
				1C4B41C92C14DD77001228E6 /* ProgressBar.swift in Sources */,
				1C4B41C72C14DD3B001228E6 /* OperatorData.swift in Sources */,
			);
			runOnlyForDeploymentPostprocessing = 0;
		};
/* End PBXSourcesBuildPhase section */

/* Begin XCBuildConfiguration section */
		1C4B41BF2C14DBF1001228E6 /* Debug */ = {
			isa = XCBuildConfiguration;
			buildSettings = {
				ALWAYS_SEARCH_USER_PATHS = NO;
				ASSETCATALOG_COMPILER_GENERATE_SWIFT_ASSET_SYMBOL_EXTENSIONS = YES;
				CLANG_ANALYZER_NONNULL = YES;
				CLANG_ANALYZER_NUMBER_OBJECT_CONVERSION = YES_AGGRESSIVE;
				CLANG_CXX_LANGUAGE_STANDARD = "gnu++20";
				CLANG_ENABLE_MODULES = YES;
				CLANG_ENABLE_OBJC_ARC = YES;
				CLANG_ENABLE_OBJC_WEAK = YES;
				CLANG_WARN_BLOCK_CAPTURE_AUTORELEASING = YES;
				CLANG_WARN_BOOL_CONVERSION = YES;
				CLANG_WARN_COMMA = YES;
				CLANG_WARN_CONSTANT_CONVERSION = YES;
				CLANG_WARN_DEPRECATED_OBJC_IMPLEMENTATIONS = YES;
				CLANG_WARN_DIRECT_OBJC_ISA_USAGE = YES_ERROR;
				CLANG_WARN_DOCUMENTATION_COMMENTS = YES;
				CLANG_WARN_EMPTY_BODY = YES;
				CLANG_WARN_ENUM_CONVERSION = YES;
				CLANG_WARN_INFINITE_RECURSION = YES;
				CLANG_WARN_INT_CONVERSION = YES;
				CLANG_WARN_NON_LITERAL_NULL_CONVERSION = YES;
				CLANG_WARN_OBJC_IMPLICIT_RETAIN_SELF = YES;
				CLANG_WARN_OBJC_LITERAL_CONVERSION = YES;
				CLANG_WARN_OBJC_ROOT_CLASS = YES_ERROR;
				CLANG_WARN_QUOTED_INCLUDE_IN_FRAMEWORK_HEADER = YES;
				CLANG_WARN_RANGE_LOOP_ANALYSIS = YES;
				CLANG_WARN_STRICT_PROTOTYPES = YES;
				CLANG_WARN_SUSPICIOUS_MOVE = YES;
				CLANG_WARN_UNGUARDED_AVAILABILITY = YES_AGGRESSIVE;
				CLANG_WARN_UNREACHABLE_CODE = YES;
				CLANG_WARN__DUPLICATE_METHOD_MATCH = YES;
				COPY_PHASE_STRIP = NO;
				DEBUG_INFORMATION_FORMAT = dwarf;
				ENABLE_STRICT_OBJC_MSGSEND = YES;
				ENABLE_TESTABILITY = YES;
				ENABLE_USER_SCRIPT_SANDBOXING = YES;
				GCC_C_LANGUAGE_STANDARD = gnu17;
				GCC_DYNAMIC_NO_PIC = NO;
				GCC_NO_COMMON_BLOCKS = YES;
				GCC_OPTIMIZATION_LEVEL = 0;
				GCC_PREPROCESSOR_DEFINITIONS = (
					"DEBUG=1",
					"$(inherited)",
				);
				GCC_WARN_64_TO_32_BIT_CONVERSION = YES;
				GCC_WARN_ABOUT_RETURN_TYPE = YES_ERROR;
				GCC_WARN_UNDECLARED_SELECTOR = YES;
				GCC_WARN_UNINITIALIZED_AUTOS = YES_AGGRESSIVE;
				GCC_WARN_UNUSED_FUNCTION = YES;
				GCC_WARN_UNUSED_VARIABLE = YES;
				LOCALIZATION_PREFERS_STRING_CATALOGS = YES;
				MACOSX_DEPLOYMENT_TARGET = 14.5;
				MTL_ENABLE_DEBUG_INFO = INCLUDE_SOURCE;
				MTL_FAST_MATH = YES;
				ONLY_ACTIVE_ARCH = YES;
				SDKROOT = macosx;
				SWIFT_ACTIVE_COMPILATION_CONDITIONS = "DEBUG $(inherited)";
				SWIFT_OPTIMIZATION_LEVEL = "-Onone";
			};
			name = Debug;
		};
		1C4B41C02C14DBF1001228E6 /* Release */ = {
			isa = XCBuildConfiguration;
			buildSettings = {
				ALWAYS_SEARCH_USER_PATHS = NO;
				ASSETCATALOG_COMPILER_GENERATE_SWIFT_ASSET_SYMBOL_EXTENSIONS = YES;
				CLANG_ANALYZER_NONNULL = YES;
				CLANG_ANALYZER_NUMBER_OBJECT_CONVERSION = YES_AGGRESSIVE;
				CLANG_CXX_LANGUAGE_STANDARD = "gnu++20";
				CLANG_ENABLE_MODULES = YES;
				CLANG_ENABLE_OBJC_ARC = YES;
				CLANG_ENABLE_OBJC_WEAK = YES;
				CLANG_WARN_BLOCK_CAPTURE_AUTORELEASING = YES;
				CLANG_WARN_BOOL_CONVERSION = YES;
				CLANG_WARN_COMMA = YES;
				CLANG_WARN_CONSTANT_CONVERSION = YES;
				CLANG_WARN_DEPRECATED_OBJC_IMPLEMENTATIONS = YES;
				CLANG_WARN_DIRECT_OBJC_ISA_USAGE = YES_ERROR;
				CLANG_WARN_DOCUMENTATION_COMMENTS = YES;
				CLANG_WARN_EMPTY_BODY = YES;
				CLANG_WARN_ENUM_CONVERSION = YES;
				CLANG_WARN_INFINITE_RECURSION = YES;
				CLANG_WARN_INT_CONVERSION = YES;
				CLANG_WARN_NON_LITERAL_NULL_CONVERSION = YES;
				CLANG_WARN_OBJC_IMPLICIT_RETAIN_SELF = YES;
				CLANG_WARN_OBJC_LITERAL_CONVERSION = YES;
				CLANG_WARN_OBJC_ROOT_CLASS = YES_ERROR;
				CLANG_WARN_QUOTED_INCLUDE_IN_FRAMEWORK_HEADER = YES;
				CLANG_WARN_RANGE_LOOP_ANALYSIS = YES;
				CLANG_WARN_STRICT_PROTOTYPES = YES;
				CLANG_WARN_SUSPICIOUS_MOVE = YES;
				CLANG_WARN_UNGUARDED_AVAILABILITY = YES_AGGRESSIVE;
				CLANG_WARN_UNREACHABLE_CODE = YES;
				CLANG_WARN__DUPLICATE_METHOD_MATCH = YES;
				COPY_PHASE_STRIP = NO;
				DEBUG_INFORMATION_FORMAT = "dwarf-with-dsym";
				ENABLE_NS_ASSERTIONS = NO;
				ENABLE_STRICT_OBJC_MSGSEND = YES;
				ENABLE_USER_SCRIPT_SANDBOXING = YES;
				GCC_C_LANGUAGE_STANDARD = gnu17;
				GCC_NO_COMMON_BLOCKS = YES;
				GCC_WARN_64_TO_32_BIT_CONVERSION = YES;
				GCC_WARN_ABOUT_RETURN_TYPE = YES_ERROR;
				GCC_WARN_UNDECLARED_SELECTOR = YES;
				GCC_WARN_UNINITIALIZED_AUTOS = YES_AGGRESSIVE;
				GCC_WARN_UNUSED_FUNCTION = YES;
				GCC_WARN_UNUSED_VARIABLE = YES;
				LOCALIZATION_PREFERS_STRING_CATALOGS = YES;
				MACOSX_DEPLOYMENT_TARGET = 14.5;
				MTL_ENABLE_DEBUG_INFO = NO;
				MTL_FAST_MATH = YES;
				SDKROOT = macosx;
				SWIFT_COMPILATION_MODE = wholemodule;
			};
			name = Release;
		};
		1C4B41C22C14DBF1001228E6 /* Debug */ = {
			isa = XCBuildConfiguration;
			buildSettings = {
				ASSETCATALOG_COMPILER_APPICON_NAME = AppIcon;
				ASSETCATALOG_COMPILER_GLOBAL_ACCENT_COLOR_NAME = AccentColor;
				ASSETCATALOG_COMPILER_INCLUDE_ALL_APPICON_ASSETS = YES;
				CODE_SIGN_ENTITLEMENTS = CoreMLProfiler/CoreMLProfiler.entitlements;
				CODE_SIGN_STYLE = Automatic;
				COMBINE_HIDPI_IMAGES = YES;
				CURRENT_PROJECT_VERSION = 1;
				DEVELOPMENT_ASSET_PATHS = "\"CoreMLProfiler/Preview Content\"";
				DEVELOPMENT_TEAM = 4N8Y4W9QWP;
				ENABLE_HARDENED_RUNTIME = YES;
				ENABLE_PREVIEWS = YES;
				GENERATE_INFOPLIST_FILE = YES;
				INFOPLIST_FILE = CoreMLProfiler/Info.plist;
				INFOPLIST_KEY_CFBundleDisplayName = "CoreML Profiler";
				INFOPLIST_KEY_NSHumanReadableCopyright = "Fabio Guzman (2024)";
				LD_RUNPATH_SEARCH_PATHS = (
					"$(inherited)",
					"@executable_path/../Frameworks",
				);
				MACOSX_DEPLOYMENT_TARGET = 14.4;
				MARKETING_VERSION = 0.1;
				PRODUCT_BUNDLE_IDENTIFIER = fguzman.CoreMLProfiler;
				PRODUCT_NAME = "$(TARGET_NAME)";
				SWIFT_EMIT_LOC_STRINGS = YES;
				SWIFT_VERSION = 5.0;
			};
			name = Debug;
		};
		1C4B41C32C14DBF1001228E6 /* Release */ = {
			isa = XCBuildConfiguration;
			buildSettings = {
				ASSETCATALOG_COMPILER_APPICON_NAME = AppIcon;
				ASSETCATALOG_COMPILER_GLOBAL_ACCENT_COLOR_NAME = AccentColor;
				ASSETCATALOG_COMPILER_INCLUDE_ALL_APPICON_ASSETS = YES;
				CODE_SIGN_ENTITLEMENTS = CoreMLProfiler/CoreMLProfiler.entitlements;
				CODE_SIGN_STYLE = Automatic;
				COMBINE_HIDPI_IMAGES = YES;
				CURRENT_PROJECT_VERSION = 1;
				DEVELOPMENT_ASSET_PATHS = "\"CoreMLProfiler/Preview Content\"";
				DEVELOPMENT_TEAM = 4N8Y4W9QWP;
				ENABLE_HARDENED_RUNTIME = YES;
				ENABLE_PREVIEWS = YES;
				GENERATE_INFOPLIST_FILE = YES;
				INFOPLIST_FILE = CoreMLProfiler/Info.plist;
				INFOPLIST_KEY_CFBundleDisplayName = "CoreML Profiler";
				INFOPLIST_KEY_NSHumanReadableCopyright = "Fabio Guzman (2024)";
				LD_RUNPATH_SEARCH_PATHS = (
					"$(inherited)",
					"@executable_path/../Frameworks",
				);
				MACOSX_DEPLOYMENT_TARGET = 14.4;
				MARKETING_VERSION = 0.1;
				PRODUCT_BUNDLE_IDENTIFIER = fguzman.CoreMLProfiler;
				PRODUCT_NAME = "$(TARGET_NAME)";
				SWIFT_EMIT_LOC_STRINGS = YES;
				SWIFT_VERSION = 5.0;
			};
			name = Release;
		};
/* End XCBuildConfiguration section */

/* Begin XCConfigurationList section */
		1C4B41AD2C14DBEF001228E6 /* Build configuration list for PBXProject "CoreMLProfiler" */ = {
			isa = XCConfigurationList;
			buildConfigurations = (
				1C4B41BF2C14DBF1001228E6 /* Debug */,
				1C4B41C02C14DBF1001228E6 /* Release */,
			);
			defaultConfigurationIsVisible = 0;
			defaultConfigurationName = Release;
		};
		1C4B41C12C14DBF1001228E6 /* Build configuration list for PBXNativeTarget "CoreMLProfiler" */ = {
			isa = XCConfigurationList;
			buildConfigurations = (
				1C4B41C22C14DBF1001228E6 /* Debug */,
				1C4B41C32C14DBF1001228E6 /* Release */,
			);
			defaultConfigurationIsVisible = 0;
			defaultConfigurationName = Release;
		};
/* End XCConfigurationList section */
	};
	rootObject = 1C4B41AA2C14DBEF001228E6 /* Project object */;
}
